
Microsoft Visual Studio Solution File, Format Version 12.00
# Visual Studio Version 17
VisualStudioVersion = 17.8.34330.188
MinimumVisualStudioVersion = 10.0.40219.1
Project("{FAE04EC0-301F-11D3-BF4B-00C04F79EFBC}") = "Sakamoto.WebSearchCLI", "Sakamoto.WebSearchCLI\Sakamoto.WebSearchCLI.csproj", "{81471EDC-8B7C-4F4A-88F0-9F96DCE97F99}"
EndProject
Global
	GlobalSection(SolutionConfigurationPlatforms) = preSolution
		Debug|Any CPU = Debug|Any CPU
		Release|Any CPU = Release|Any CPU
	EndGlobalSection
	GlobalSection(ProjectConfigurationPlatforms) = postSolution
		{81471EDC-8B7C-4F4A-88F0-9F96DCE97F99}.Debug|Any CPU.ActiveCfg = Debug|Any CPU
		{81471EDC-8B7C-4F4A-88F0-9F96DCE97F99}.Debug|Any CPU.Build.0 = Debug|Any CPU
		{81471EDC-8B7C-4F4A-88F0-9F96DCE97F99}.Release|Any CPU.ActiveCfg = Release|Any CPU
		{81471EDC-8B7C-4F4A-88F0-9F96DCE97F99}.Release|Any CPU.Build.0 = Release|Any CPU
	EndGlobalSection
	GlobalSection(SolutionProperties) = preSolution
		HideSolutionNode = FALSE
	EndGlobalSection
	GlobalSection(ExtensibilityGlobals) = postSolution
		SolutionGuid = {A497855F-2D70-4212-A020-838A263FC597}
	EndGlobalSection
EndGlobal
